
Microsoft Visual Studio Solution File, Format Version 12.00
# Visual Studio Version 16
VisualStudioVersion = 16.0.30611.23
MinimumVisualStudioVersion = 10.0.40219.1
Project("{8BC9CEB8-8B4A-11D0-8D11-00A0C91BC942}") = "Project7", "Project7.vcxproj", "{D1108AC3-61F4-425B-A1D6-7DA43AA5F474}"
EndProject
Global
	GlobalSection(SolutionConfigurationPlatforms) = preSolution
		Debug|x64 = Debug|x64
		Debug|x86 = Debug|x86
		Release|x64 = Release|x64
		Release|x86 = Release|x86
	EndGlobalSection
	GlobalSection(ProjectConfigurationPlatforms) = postSolution
		{D1108AC3-61F4-425B-A1D6-7DA43AA5F474}.Debug|x64.ActiveCfg = Debug|x64
		{D1108AC3-61F4-425B-A1D6-7DA43AA5F474}.Debug|x64.Build.0 = Debug|x64
		{D1108AC3-61F4-425B-A1D6-7DA43AA5F474}.Debug|x86.ActiveCfg = Debug|Win32
		{D1108AC3-61F4-425B-A1D6-7DA43AA5F474}.Debug|x86.Build.0 = Debug|Win32
		{D1108AC3-61F4-425B-A1D6-7DA43AA5F474}.Release|x64.ActiveCfg = Release|x64
		{D1108AC3-61F4-425B-A1D6-7DA43AA5F474}.Release|x64.Build.0 = Release|x64
		{D1108AC3-61F4-425B-A1D6-7DA43AA5F474}.Release|x86.ActiveCfg = Release|Win32
		{D1108AC3-61F4-425B-A1D6-7DA43AA5F474}.Release|x86.Build.0 = Release|Win32
	EndGlobalSection
	GlobalSection(SolutionProperties) = preSolution
		HideSolutionNode = FALSE
	EndGlobalSection
	GlobalSection(ExtensibilityGlobals) = postSolution
		SolutionGuid = {B4B8D489-819D-42EA-9F83-FA02C7022CE0}
	EndGlobalSection
EndGlobal
